// !$*UTF8*$!
{
	archiveVersion = 1;
	classes = {
	};
	objectVersion = 50;
	objects = {

/* Begin PBXBuildFile section */
		BE5FAE4F269E880A006E54A6 /* CardSaveMoney.swift in Sources */ = {isa = PBXBuildFile; fileRef = BE5FAE4E269E880A006E54A6 /* CardSaveMoney.swift */; };
		22039296269CC9280054C168 /* InformationsCard.swift in Sources */ = {isa = PBXBuildFile; fileRef = 22039295269CC9280054C168 /* InformationsCard.swift */; };
		222AE6D0269E0E6A005DB79A /* MyWishCard.swift in Sources */ = {isa = PBXBuildFile; fileRef = 222AE6CF269E0E6A005DB79A /* MyWishCard.swift */; };
		222AE6D2269E178B005DB79A /* MyWishesCards.swift in Sources */ = {isa = PBXBuildFile; fileRef = 222AE6D1269E178B005DB79A /* MyWishesCards.swift */; };
		BEF78B952698D85700181907 /* WollenApp.swift in Sources */ = {isa = PBXBuildFile; fileRef = BEF78B942698D85700181907 /* WollenApp.swift */; };
		BEF78B972698D85700181907 /* ContentView.swift in Sources */ = {isa = PBXBuildFile; fileRef = BEF78B962698D85700181907 /* ContentView.swift */; };
		BEF78B992698D85900181907 /* Assets.xcassets in Resources */ = {isa = PBXBuildFile; fileRef = BEF78B982698D85900181907 /* Assets.xcassets */; };
		BEF78B9C2698D85900181907 /* Preview Assets.xcassets in Resources */ = {isa = PBXBuildFile; fileRef = BEF78B9B2698D85900181907 /* Preview Assets.xcassets */; };
		BEF78B9E2698D85900181907 /* Persistence.swift in Sources */ = {isa = PBXBuildFile; fileRef = BEF78B9D2698D85900181907 /* Persistence.swift */; };
		BEF78BA12698D85900181907 /* Wollen.xcdatamodeld in Sources */ = {isa = PBXBuildFile; fileRef = BEF78B9F2698D85900181907 /* Wollen.xcdatamodeld */; };
/* End PBXBuildFile section */

/* Begin PBXFileReference section */
		BE5FAE4E269E880A006E54A6 /* CardSaveMoney.swift */ = {isa = PBXFileReference; lastKnownFileType = sourcecode.swift; path = CardSaveMoney.swift; sourceTree = "<group>"; };
		22039295269CC9280054C168 /* InformationsCard.swift */ = {isa = PBXFileReference; lastKnownFileType = sourcecode.swift; path = InformationsCard.swift; sourceTree = "<group>"; };
		222AE6CF269E0E6A005DB79A /* MyWishCard.swift */ = {isa = PBXFileReference; lastKnownFileType = sourcecode.swift; path = MyWishCard.swift; sourceTree = "<group>"; };
		222AE6D1269E178B005DB79A /* MyWishesCards.swift */ = {isa = PBXFileReference; lastKnownFileType = sourcecode.swift; path = MyWishesCards.swift; sourceTree = "<group>"; };
		BEF78B912698D85700181907 /* Wollen.app */ = {isa = PBXFileReference; explicitFileType = wrapper.application; includeInIndex = 0; path = Wollen.app; sourceTree = BUILT_PRODUCTS_DIR; };
		BEF78B942698D85700181907 /* WollenApp.swift */ = {isa = PBXFileReference; lastKnownFileType = sourcecode.swift; path = WollenApp.swift; sourceTree = "<group>"; };
		BEF78B962698D85700181907 /* ContentView.swift */ = {isa = PBXFileReference; lastKnownFileType = sourcecode.swift; path = ContentView.swift; sourceTree = "<group>"; };
		BEF78B982698D85900181907 /* Assets.xcassets */ = {isa = PBXFileReference; lastKnownFileType = folder.assetcatalog; path = Assets.xcassets; sourceTree = "<group>"; };
		BEF78B9B2698D85900181907 /* Preview Assets.xcassets */ = {isa = PBXFileReference; lastKnownFileType = folder.assetcatalog; path = "Preview Assets.xcassets"; sourceTree = "<group>"; };
		BEF78B9D2698D85900181907 /* Persistence.swift */ = {isa = PBXFileReference; lastKnownFileType = sourcecode.swift; path = Persistence.swift; sourceTree = "<group>"; };
		BEF78BA02698D85900181907 /* Wollen.xcdatamodel */ = {isa = PBXFileReference; lastKnownFileType = wrapper.xcdatamodel; path = Wollen.xcdatamodel; sourceTree = "<group>"; };
		BEF78BA22698D85900181907 /* Info.plist */ = {isa = PBXFileReference; lastKnownFileType = text.plist.xml; path = Info.plist; sourceTree = "<group>"; };
/* End PBXFileReference section */

/* Begin PBXFrameworksBuildPhase section */
		BEF78B8E2698D85700181907 /* Frameworks */ = {
			isa = PBXFrameworksBuildPhase;
			buildActionMask = 2147483647;
			files = (
			);
			runOnlyForDeploymentPostprocessing = 0;
		};
/* End PBXFrameworksBuildPhase section */

/* Begin PBXGroup section */
		22039293269CC71E0054C168 /* App */ = {
			isa = PBXGroup;
			children = (
			);
			path = App;
			sourceTree = "<group>";
		};
		22039294269CC7280054C168 /* View */ = {
			isa = PBXGroup;
			children = (
				22039295269CC9280054C168 /* InformationsCard.swift */,
				222AE6CF269E0E6A005DB79A /* MyWishCard.swift */,
				222AE6D1269E178B005DB79A /* MyWishesCards.swift */,
			);
			path = View;
			sourceTree = "<group>";
		};
		BEF78B882698D85700181907 = {
			isa = PBXGroup;
			children = (
				BEF78B932698D85700181907 /* Wollen */,
				BEF78B922698D85700181907 /* Products */,
			);
			sourceTree = "<group>";
		};
		BEF78B922698D85700181907 /* Products */ = {
			isa = PBXGroup;
			children = (
				BEF78B912698D85700181907 /* Wollen.app */,
			);
			name = Products;
			sourceTree = "<group>";
		};
		BEF78B932698D85700181907 /* Wollen */ = {
			isa = PBXGroup;
			children = (
				22039293269CC71E0054C168 /* App */,
				22039294269CC7280054C168 /* View */,
				BEF78B942698D85700181907 /* WollenApp.swift */,
				BEF78B962698D85700181907 /* ContentView.swift */,
				BEF78B982698D85900181907 /* Assets.xcassets */,
				BEF78B9D2698D85900181907 /* Persistence.swift */,
				BEF78BA22698D85900181907 /* Info.plist */,
				BEF78B9F2698D85900181907 /* Wollen.xcdatamodeld */,
				BEF78B9A2698D85900181907 /* Preview Content */,
				BE5FAE4E269E880A006E54A6 /* CardSaveMoney.swift */,
			);
			path = Wollen;
			sourceTree = "<group>";
		};
		BEF78B9A2698D85900181907 /* Preview Content */ = {
			isa = PBXGroup;
			children = (
				BEF78B9B2698D85900181907 /* Preview Assets.xcassets */,
			);
			path = "Preview Content";
			sourceTree = "<group>";
		};
/* End PBXGroup section */

/* Begin PBXNativeTarget section */
		BEF78B902698D85700181907 /* Wollen */ = {
			isa = PBXNativeTarget;
			buildConfigurationList = BEF78BA52698D85900181907 /* Build configuration list for PBXNativeTarget "Wollen" */;
			buildPhases = (
				BEF78B8D2698D85700181907 /* Sources */,
				BEF78B8E2698D85700181907 /* Frameworks */,
				BEF78B8F2698D85700181907 /* Resources */,
			);
			buildRules = (
			);
			dependencies = (
			);
			name = Wollen;
			productName = Wollen;
			productReference = BEF78B912698D85700181907 /* Wollen.app */;
			productType = "com.apple.product-type.application";
		};
/* End PBXNativeTarget section */

/* Begin PBXProject section */
		BEF78B892698D85700181907 /* Project object */ = {
			isa = PBXProject;
			attributes = {
				LastSwiftUpdateCheck = 1250;
				LastUpgradeCheck = 1250;
				TargetAttributes = {
					BEF78B902698D85700181907 = {
						CreatedOnToolsVersion = 12.5.1;
					};
				};
			};
			buildConfigurationList = BEF78B8C2698D85700181907 /* Build configuration list for PBXProject "Wollen" */;
			compatibilityVersion = "Xcode 9.3";
			developmentRegion = en;
			hasScannedForEncodings = 0;
			knownRegions = (
				en,
				Base,
			);
			mainGroup = BEF78B882698D85700181907;
			productRefGroup = BEF78B922698D85700181907 /* Products */;
			projectDirPath = "";
			projectRoot = "";
			targets = (
				BEF78B902698D85700181907 /* Wollen */,
			);
		};
/* End PBXProject section */

/* Begin PBXResourcesBuildPhase section */
		BEF78B8F2698D85700181907 /* Resources */ = {
			isa = PBXResourcesBuildPhase;
			buildActionMask = 2147483647;
			files = (
				BEF78B9C2698D85900181907 /* Preview Assets.xcassets in Resources */,
				BEF78B992698D85900181907 /* Assets.xcassets in Resources */,
			);
			runOnlyForDeploymentPostprocessing = 0;
		};
/* End PBXResourcesBuildPhase section */

/* Begin PBXSourcesBuildPhase section */
		BEF78B8D2698D85700181907 /* Sources */ = {
			isa = PBXSourcesBuildPhase;
			buildActionMask = 2147483647;
			files = (
				222AE6D2269E178B005DB79A /* MyWishesCards.swift in Sources */,
				22039296269CC9280054C168 /* InformationsCard.swift in Sources */,
				BEF78BA12698D85900181907 /* Wollen.xcdatamodeld in Sources */,
				222AE6D0269E0E6A005DB79A /* MyWishCard.swift in Sources */,
				BEF78B9E2698D85900181907 /* Persistence.swift in Sources */,
				BEF78B972698D85700181907 /* ContentView.swift in Sources */,
				BE5FAE4F269E880A006E54A6 /* CardSaveMoney.swift in Sources */,
				BEF78B952698D85700181907 /* WollenApp.swift in Sources */,
			);
			runOnlyForDeploymentPostprocessing = 0;
		};
/* End PBXSourcesBuildPhase section */

/* Begin XCBuildConfiguration section */
		BEF78BA32698D85900181907 /* Debug */ = {
			isa = XCBuildConfiguration;
			buildSettings = {
				ALWAYS_SEARCH_USER_PATHS = NO;
				CLANG_ANALYZER_NONNULL = YES;
				CLANG_ANALYZER_NUMBER_OBJECT_CONVERSION = YES_AGGRESSIVE;
				CLANG_CXX_LANGUAGE_STANDARD = "gnu++14";
				CLANG_CXX_LIBRARY = "libc++";
				CLANG_ENABLE_MODULES = YES;
				CLANG_ENABLE_OBJC_ARC = YES;
				CLANG_ENABLE_OBJC_WEAK = YES;
				CLANG_WARN_BLOCK_CAPTURE_AUTORELEASING = YES;
				CLANG_WARN_BOOL_CONVERSION = YES;
				CLANG_WARN_COMMA = YES;
				CLANG_WARN_CONSTANT_CONVERSION = YES;
				CLANG_WARN_DEPRECATED_OBJC_IMPLEMENTATIONS = YES;
				CLANG_WARN_DIRECT_OBJC_ISA_USAGE = YES_ERROR;
				CLANG_WARN_DOCUMENTATION_COMMENTS = YES;
				CLANG_WARN_EMPTY_BODY = YES;
				CLANG_WARN_ENUM_CONVERSION = YES;
				CLANG_WARN_INFINITE_RECURSION = YES;
				CLANG_WARN_INT_CONVERSION = YES;
				CLANG_WARN_NON_LITERAL_NULL_CONVERSION = YES;
				CLANG_WARN_OBJC_IMPLICIT_RETAIN_SELF = YES;
				CLANG_WARN_OBJC_LITERAL_CONVERSION = YES;
				CLANG_WARN_OBJC_ROOT_CLASS = YES_ERROR;
				CLANG_WARN_QUOTED_INCLUDE_IN_FRAMEWORK_HEADER = YES;
				CLANG_WARN_RANGE_LOOP_ANALYSIS = YES;
				CLANG_WARN_STRICT_PROTOTYPES = YES;
				CLANG_WARN_SUSPICIOUS_MOVE = YES;
				CLANG_WARN_UNGUARDED_AVAILABILITY = YES_AGGRESSIVE;
				CLANG_WARN_UNREACHABLE_CODE = YES;
				CLANG_WARN__DUPLICATE_METHOD_MATCH = YES;
				COPY_PHASE_STRIP = NO;
				DEBUG_INFORMATION_FORMAT = dwarf;
				ENABLE_STRICT_OBJC_MSGSEND = YES;
				ENABLE_TESTABILITY = YES;
				GCC_C_LANGUAGE_STANDARD = gnu11;
				GCC_DYNAMIC_NO_PIC = NO;
				GCC_NO_COMMON_BLOCKS = YES;
				GCC_OPTIMIZATION_LEVEL = 0;
				GCC_PREPROCESSOR_DEFINITIONS = (
					"DEBUG=1",
					"$(inherited)",
				);
				GCC_WARN_64_TO_32_BIT_CONVERSION = YES;
				GCC_WARN_ABOUT_RETURN_TYPE = YES_ERROR;
				GCC_WARN_UNDECLARED_SELECTOR = YES;
				GCC_WARN_UNINITIALIZED_AUTOS = YES_AGGRESSIVE;
				GCC_WARN_UNUSED_FUNCTION = YES;
				GCC_WARN_UNUSED_VARIABLE = YES;
				IPHONEOS_DEPLOYMENT_TARGET = 14.5;
				MTL_ENABLE_DEBUG_INFO = INCLUDE_SOURCE;
				MTL_FAST_MATH = YES;
				ONLY_ACTIVE_ARCH = YES;
				SDKROOT = iphoneos;
				SWIFT_ACTIVE_COMPILATION_CONDITIONS = DEBUG;
				SWIFT_OPTIMIZATION_LEVEL = "-Onone";
			};
			name = Debug;
		};
		BEF78BA42698D85900181907 /* Release */ = {
			isa = XCBuildConfiguration;
			buildSettings = {
				ALWAYS_SEARCH_USER_PATHS = NO;
				CLANG_ANALYZER_NONNULL = YES;
				CLANG_ANALYZER_NUMBER_OBJECT_CONVERSION = YES_AGGRESSIVE;
				CLANG_CXX_LANGUAGE_STANDARD = "gnu++14";
				CLANG_CXX_LIBRARY = "libc++";
				CLANG_ENABLE_MODULES = YES;
				CLANG_ENABLE_OBJC_ARC = YES;
				CLANG_ENABLE_OBJC_WEAK = YES;
				CLANG_WARN_BLOCK_CAPTURE_AUTORELEASING = YES;
				CLANG_WARN_BOOL_CONVERSION = YES;
				CLANG_WARN_COMMA = YES;
				CLANG_WARN_CONSTANT_CONVERSION = YES;
				CLANG_WARN_DEPRECATED_OBJC_IMPLEMENTATIONS = YES;
				CLANG_WARN_DIRECT_OBJC_ISA_USAGE = YES_ERROR;
				CLANG_WARN_DOCUMENTATION_COMMENTS = YES;
				CLANG_WARN_EMPTY_BODY = YES;
				CLANG_WARN_ENUM_CONVERSION = YES;
				CLANG_WARN_INFINITE_RECURSION = YES;
				CLANG_WARN_INT_CONVERSION = YES;
				CLANG_WARN_NON_LITERAL_NULL_CONVERSION = YES;
				CLANG_WARN_OBJC_IMPLICIT_RETAIN_SELF = YES;
				CLANG_WARN_OBJC_LITERAL_CONVERSION = YES;
				CLANG_WARN_OBJC_ROOT_CLASS = YES_ERROR;
				CLANG_WARN_QUOTED_INCLUDE_IN_FRAMEWORK_HEADER = YES;
				CLANG_WARN_RANGE_LOOP_ANALYSIS = YES;
				CLANG_WARN_STRICT_PROTOTYPES = YES;
				CLANG_WARN_SUSPICIOUS_MOVE = YES;
				CLANG_WARN_UNGUARDED_AVAILABILITY = YES_AGGRESSIVE;
				CLANG_WARN_UNREACHABLE_CODE = YES;
				CLANG_WARN__DUPLICATE_METHOD_MATCH = YES;
				COPY_PHASE_STRIP = NO;
				DEBUG_INFORMATION_FORMAT = "dwarf-with-dsym";
				ENABLE_NS_ASSERTIONS = NO;
				ENABLE_STRICT_OBJC_MSGSEND = YES;
				GCC_C_LANGUAGE_STANDARD = gnu11;
				GCC_NO_COMMON_BLOCKS = YES;
				GCC_WARN_64_TO_32_BIT_CONVERSION = YES;
				GCC_WARN_ABOUT_RETURN_TYPE = YES_ERROR;
				GCC_WARN_UNDECLARED_SELECTOR = YES;
				GCC_WARN_UNINITIALIZED_AUTOS = YES_AGGRESSIVE;
				GCC_WARN_UNUSED_FUNCTION = YES;
				GCC_WARN_UNUSED_VARIABLE = YES;
				IPHONEOS_DEPLOYMENT_TARGET = 14.5;
				MTL_ENABLE_DEBUG_INFO = NO;
				MTL_FAST_MATH = YES;
				SDKROOT = iphoneos;
				SWIFT_COMPILATION_MODE = wholemodule;
				SWIFT_OPTIMIZATION_LEVEL = "-O";
				VALIDATE_PRODUCT = YES;
			};
			name = Release;
		};
		BEF78BA62698D85900181907 /* Debug */ = {
			isa = XCBuildConfiguration;
			buildSettings = {
				ASSETCATALOG_COMPILER_APPICON_NAME = AppIcon;
				ASSETCATALOG_COMPILER_GLOBAL_ACCENT_COLOR_NAME = AccentColor;
				CODE_SIGN_STYLE = Automatic;
				DEVELOPMENT_ASSET_PATHS = "\"Wollen/Preview Content\"";
				DEVELOPMENT_TEAM = 23WSBM7T82;
				ENABLE_PREVIEWS = YES;
				INFOPLIST_FILE = Wollen/Info.plist;
				IPHONEOS_DEPLOYMENT_TARGET = 14.0;
				LD_RUNPATH_SEARCH_PATHS = (
					"$(inherited)",
					"@executable_path/Frameworks",
				);
				PRODUCT_BUNDLE_IDENTIFIER = academy.cin.ufpe.br.Wollen;
				PRODUCT_NAME = "$(TARGET_NAME)";
				SWIFT_VERSION = 5.0;
				TARGETED_DEVICE_FAMILY = "1,2";
			};
			name = Debug;
		};
		BEF78BA72698D85900181907 /* Release */ = {
			isa = XCBuildConfiguration;
			buildSettings = {
				ASSETCATALOG_COMPILER_APPICON_NAME = AppIcon;
				ASSETCATALOG_COMPILER_GLOBAL_ACCENT_COLOR_NAME = AccentColor;
				CODE_SIGN_STYLE = Automatic;
				DEVELOPMENT_ASSET_PATHS = "\"Wollen/Preview Content\"";
				DEVELOPMENT_TEAM = 23WSBM7T82;
				ENABLE_PREVIEWS = YES;
				INFOPLIST_FILE = Wollen/Info.plist;
				IPHONEOS_DEPLOYMENT_TARGET = 14.0;
				LD_RUNPATH_SEARCH_PATHS = (
					"$(inherited)",
					"@executable_path/Frameworks",
				);
				PRODUCT_BUNDLE_IDENTIFIER = academy.cin.ufpe.br.Wollen;
				PRODUCT_NAME = "$(TARGET_NAME)";
				SWIFT_VERSION = 5.0;
				TARGETED_DEVICE_FAMILY = "1,2";
			};
			name = Release;
		};
/* End XCBuildConfiguration section */

/* Begin XCConfigurationList section */
		BEF78B8C2698D85700181907 /* Build configuration list for PBXProject "Wollen" */ = {
			isa = XCConfigurationList;
			buildConfigurations = (
				BEF78BA32698D85900181907 /* Debug */,
				BEF78BA42698D85900181907 /* Release */,
			);
			defaultConfigurationIsVisible = 0;
			defaultConfigurationName = Release;
		};
		BEF78BA52698D85900181907 /* Build configuration list for PBXNativeTarget "Wollen" */ = {
			isa = XCConfigurationList;
			buildConfigurations = (
				BEF78BA62698D85900181907 /* Debug */,
				BEF78BA72698D85900181907 /* Release */,
			);
			defaultConfigurationIsVisible = 0;
			defaultConfigurationName = Release;
		};
/* End XCConfigurationList section */

/* Begin XCVersionGroup section */
		BEF78B9F2698D85900181907 /* Wollen.xcdatamodeld */ = {
			isa = XCVersionGroup;
			children = (
				BEF78BA02698D85900181907 /* Wollen.xcdatamodel */,
			);
			currentVersion = BEF78BA02698D85900181907 /* Wollen.xcdatamodel */;
			path = Wollen.xcdatamodeld;
			sourceTree = "<group>";
			versionGroupType = wrapper.xcdatamodel;
		};
/* End XCVersionGroup section */
	};
	rootObject = BEF78B892698D85700181907 /* Project object */;
}
