// !$*UTF8*$!
{
	archiveVersion = 1;
	classes = {
	};
	objectVersion = 50;
	objects = {

/* Begin PBXBuildFile section */
		22039296269CC9280054C168 /* InformationsCard.swift in Sources */ = {isa = PBXBuildFile; fileRef = 22039295269CC9280054C168 /* InformationsCard.swift */; };
		222AE6D0269E0E6A005DB79A /* MyWishCard.swift in Sources */ = {isa = PBXBuildFile; fileRef = 222AE6CF269E0E6A005DB79A /* MyWishCard.swift */; };
		222AE6D2269E178B005DB79A /* MyWishesCards.swift in Sources */ = {isa = PBXBuildFile; fileRef = 222AE6D1269E178B005DB79A /* MyWishesCards.swift */; };
		225C081726A5FA1000079D66 /* DescriptionCard.swift in Sources */ = {isa = PBXBuildFile; fileRef = 225C081626A5FA1000079D66 /* DescriptionCard.swift */; };
		225C081926A616C800079D66 /* LinksCard.swift in Sources */ = {isa = PBXBuildFile; fileRef = 225C081826A616C800079D66 /* LinksCard.swift */; };
		225F4CC826B078610058FBEF /* CategoriesCard.swift in Sources */ = {isa = PBXBuildFile; fileRef = 225F4CC726B078610058FBEF /* CategoriesCard.swift */; };
		225F4CCB26B0790A0058FBEF /* CategoryCard.swift in Sources */ = {isa = PBXBuildFile; fileRef = 225F4CCA26B0790A0058FBEF /* CategoryCard.swift */; };
		22ACBE1726A0B43000E4AED7 /* WishGoalCard.swift in Sources */ = {isa = PBXBuildFile; fileRef = 22ACBE1626A0B43000E4AED7 /* WishGoalCard.swift */; };
		22FA634426AF3FD500B0CF34 /* WishGraphCard.swift in Sources */ = {isa = PBXBuildFile; fileRef = 22FA634326AF3FD500B0CF34 /* WishGraphCard.swift */; };
		66AE9E8526B172A200501CE9 /* Localizable.strings in Resources */ = {isa = PBXBuildFile; fileRef = 66AE9E8726B172A200501CE9 /* Localizable.strings */; };
		66AE9E8C26B1EAC200501CE9 /* NewCategory.swift in Sources */ = {isa = PBXBuildFile; fileRef = 66AE9E8B26B1EAC200501CE9 /* NewCategory.swift */; };
		66E8BD0126A760C5001D3178 /* ImageCard.swift in Sources */ = {isa = PBXBuildFile; fileRef = 66E8BD0026A760C5001D3178 /* ImageCard.swift */; };
		7D502BF026B36AEE00B7DF77 /* NavigationBarAppearanceModifier.swift in Sources */ = {isa = PBXBuildFile; fileRef = 7D502BEF26B36AEE00B7DF77 /* NavigationBarAppearanceModifier.swift */; };
		7D6F2EBD26A6434900EC8ADC /* WollenDataModel.xcdatamodeld in Sources */ = {isa = PBXBuildFile; fileRef = 7D6F2EBB26A6434900EC8ADC /* WollenDataModel.xcdatamodeld */; };
		7D6F2EC126A646E900EC8ADC /* AddDesejoViewModel.swift in Sources */ = {isa = PBXBuildFile; fileRef = 7D6F2EC026A646E900EC8ADC /* AddDesejoViewModel.swift */; };
		7D6F2EC326A6528700EC8ADC /* ListaDesejosViewModel.swift in Sources */ = {isa = PBXBuildFile; fileRef = 7D6F2EC226A6528700EC8ADC /* ListaDesejosViewModel.swift */; };
		7D6F2EC526A6575800EC8ADC /* ListaDesejosView.swift in Sources */ = {isa = PBXBuildFile; fileRef = 7D6F2EC426A6575800EC8ADC /* ListaDesejosView.swift */; };
		7D6F2EC726A704DF00EC8ADC /* AddCategoriaViewModel.swift in Sources */ = {isa = PBXBuildFile; fileRef = 7D6F2EC626A704DF00EC8ADC /* AddCategoriaViewModel.swift */; };
		7D6F2EC926A704F400EC8ADC /* ListaCategoriasViewModel.swift in Sources */ = {isa = PBXBuildFile; fileRef = 7D6F2EC826A704F400EC8ADC /* ListaCategoriasViewModel.swift */; };
		7D6F2ECC26A7077B00EC8ADC /* AddMetaViewModel.swift in Sources */ = {isa = PBXBuildFile; fileRef = 7D6F2ECB26A7077B00EC8ADC /* AddMetaViewModel.swift */; };
		7D6F2ECE26A707A300EC8ADC /* ListaMetasViewModel.swift in Sources */ = {isa = PBXBuildFile; fileRef = 7D6F2ECD26A707A300EC8ADC /* ListaMetasViewModel.swift */; };
		7D70C17E26B8A881004DB944 /* MidiaView.swift in Sources */ = {isa = PBXBuildFile; fileRef = 7D70C17D26B8A881004DB944 /* MidiaView.swift */; };
		7D78910826B57C9600D83571 /* AddWishCards.swift in Sources */ = {isa = PBXBuildFile; fileRef = 7D78910726B57C9600D83571 /* AddWishCards.swift */; };
		7D78910A26B5894600D83571 /* AddWishView.swift in Sources */ = {isa = PBXBuildFile; fileRef = 7D78910926B5894600D83571 /* AddWishView.swift */; };
		7D78911026B8A68400D83571 /* MidiaViewModel.swift in Sources */ = {isa = PBXBuildFile; fileRef = 7D78910F26B8A68400D83571 /* MidiaViewModel.swift */; };
		7D78911226B8A69D00D83571 /* ListaMidiasViewModel.swift in Sources */ = {isa = PBXBuildFile; fileRef = 7D78911126B8A69D00D83571 /* ListaMidiasViewModel.swift */; };
		7D78911426B8A6DE00D83571 /* AddMidiaViewModel.swift in Sources */ = {isa = PBXBuildFile; fileRef = 7D78911326B8A6DE00D83571 /* AddMidiaViewModel.swift */; };
		7D941A5726B48C110049336C /* HomeView.swift in Sources */ = {isa = PBXBuildFile; fileRef = 7D941A5626B48C110049336C /* HomeView.swift */; };
		7D941A5926B495800049336C /* SideBar.swift in Sources */ = {isa = PBXBuildFile; fileRef = 7D941A5826B495800049336C /* SideBar.swift */; };
		7D941A5B26B497250049336C /* WishesFromCategory.swift in Sources */ = {isa = PBXBuildFile; fileRef = 7D941A5A26B497250049336C /* WishesFromCategory.swift */; };
		7D941A5D26B49A190049336C /* HomeCategoryView.swift in Sources */ = {isa = PBXBuildFile; fileRef = 7D941A5C26B49A190049336C /* HomeCategoryView.swift */; };
		7D9C5A6326A743DC00FAF19C /* AddCategoriaView.swift in Sources */ = {isa = PBXBuildFile; fileRef = 7D9C5A6226A743DC00FAF19C /* AddCategoriaView.swift */; };
		7D9C5A6526A743F100FAF19C /* ListaCategoriasView.swift in Sources */ = {isa = PBXBuildFile; fileRef = 7D9C5A6426A743F100FAF19C /* ListaCategoriasView.swift */; };
		7D9C5A6826A74C5500FAF19C /* ListaDesejosCategoriaView.swift in Sources */ = {isa = PBXBuildFile; fileRef = 7D9C5A6726A74C5400FAF19C /* ListaDesejosCategoriaView.swift */; };
		7D9C5A6A26A74F5800FAF19C /* AddDesejoToCategoriaView.swift in Sources */ = {isa = PBXBuildFile; fileRef = 7D9C5A6926A74F5800FAF19C /* AddDesejoToCategoriaView.swift */; };
		7D9C5A6C26A798FF00FAF19C /* DesejoView.swift in Sources */ = {isa = PBXBuildFile; fileRef = 7D9C5A6B26A798FF00FAF19C /* DesejoView.swift */; };
		7D9C5A6E26A8905700FAF19C /* AddMetaToDesejoView.swift in Sources */ = {isa = PBXBuildFile; fileRef = 7D9C5A6D26A8905700FAF19C /* AddMetaToDesejoView.swift */; };
		7D9C5A7426A9F68600FAF19C /* AddDesejoCompleto.swift in Sources */ = {isa = PBXBuildFile; fileRef = 7D9C5A7326A9F68600FAF19C /* AddDesejoCompleto.swift */; };
		7D9C5A7626AB36E700FAF19C /* MetaView.swift in Sources */ = {isa = PBXBuildFile; fileRef = 7D9C5A7526AB36E700FAF19C /* MetaView.swift */; };
		7D9C5A7826AB506900FAF19C /* UpdateDesejoViewModel.swift in Sources */ = {isa = PBXBuildFile; fileRef = 7D9C5A7726AB506900FAF19C /* UpdateDesejoViewModel.swift */; };
		7D9C5A7D26AB548200FAF19C /* DesejoViewModel.swift in Sources */ = {isa = PBXBuildFile; fileRef = 7D9C5A7C26AB548200FAF19C /* DesejoViewModel.swift */; };
		7D9C5A7F26AB56D000FAF19C /* AtualizarDesejo.swift in Sources */ = {isa = PBXBuildFile; fileRef = 7D9C5A7E26AB56D000FAF19C /* AtualizarDesejo.swift */; };
		7D9C5A8126AB5D7A00FAF19C /* CategoriaViewModel.swift in Sources */ = {isa = PBXBuildFile; fileRef = 7D9C5A8026AB5D7A00FAF19C /* CategoriaViewModel.swift */; };
		7D9C5A8326AB5D8500FAF19C /* MetaViewModel.swift in Sources */ = {isa = PBXBuildFile; fileRef = 7D9C5A8226AB5D8500FAF19C /* MetaViewModel.swift */; };
		BE078A2526AF3350009087BF /* DropImageDelegate.swift in Sources */ = {isa = PBXBuildFile; fileRef = BE078A2426AF3350009087BF /* DropImageDelegate.swift */; };
		BE078A2726AF3361009087BF /* ImagePicker.swift in Sources */ = {isa = PBXBuildFile; fileRef = BE078A2626AF3361009087BF /* ImagePicker.swift */; };
		BE078A2926AF3426009087BF /* CoreDataManager.swift in Sources */ = {isa = PBXBuildFile; fileRef = BE078A2826AF3426009087BF /* CoreDataManager.swift */; };
		BE167E67269CDD9C009E94C5 /* GoalCard.swift in Sources */ = {isa = PBXBuildFile; fileRef = BE167E66269CDD9C009E94C5 /* GoalCard.swift */; };
		BE17DB7F26A650740051966C /* GalleryCard.swift in Sources */ = {isa = PBXBuildFile; fileRef = BE17DB7E26A650740051966C /* GalleryCard.swift */; };
		BE5FAE4F269E880A006E54A6 /* CardSaveMoney.swift in Sources */ = {isa = PBXBuildFile; fileRef = BE5FAE4E269E880A006E54A6 /* CardSaveMoney.swift */; };
		BEF78B952698D85700181907 /* WollenApp.swift in Sources */ = {isa = PBXBuildFile; fileRef = BEF78B942698D85700181907 /* WollenApp.swift */; };
		BEF78B972698D85700181907 /* ContentView.swift in Sources */ = {isa = PBXBuildFile; fileRef = BEF78B962698D85700181907 /* ContentView.swift */; };
		BEF78B992698D85900181907 /* Assets.xcassets in Resources */ = {isa = PBXBuildFile; fileRef = BEF78B982698D85900181907 /* Assets.xcassets */; };
		BEF78B9C2698D85900181907 /* Preview Assets.xcassets in Resources */ = {isa = PBXBuildFile; fileRef = BEF78B9B2698D85900181907 /* Preview Assets.xcassets */; };
/* End PBXBuildFile section */

/* Begin PBXFileReference section */
		22039295269CC9280054C168 /* InformationsCard.swift */ = {isa = PBXFileReference; lastKnownFileType = sourcecode.swift; path = InformationsCard.swift; sourceTree = "<group>"; };
		222AE6CF269E0E6A005DB79A /* MyWishCard.swift */ = {isa = PBXFileReference; lastKnownFileType = sourcecode.swift; path = MyWishCard.swift; sourceTree = "<group>"; };
		222AE6D1269E178B005DB79A /* MyWishesCards.swift */ = {isa = PBXFileReference; lastKnownFileType = sourcecode.swift; path = MyWishesCards.swift; sourceTree = "<group>"; };
		225C081626A5FA1000079D66 /* DescriptionCard.swift */ = {isa = PBXFileReference; lastKnownFileType = sourcecode.swift; path = DescriptionCard.swift; sourceTree = "<group>"; };
		225C081826A616C800079D66 /* LinksCard.swift */ = {isa = PBXFileReference; lastKnownFileType = sourcecode.swift; path = LinksCard.swift; sourceTree = "<group>"; };
		225F4CC726B078610058FBEF /* CategoriesCard.swift */ = {isa = PBXFileReference; lastKnownFileType = sourcecode.swift; path = CategoriesCard.swift; sourceTree = "<group>"; };
		225F4CCA26B0790A0058FBEF /* CategoryCard.swift */ = {isa = PBXFileReference; lastKnownFileType = sourcecode.swift; path = CategoryCard.swift; sourceTree = "<group>"; };
		22ACBE1626A0B43000E4AED7 /* WishGoalCard.swift */ = {isa = PBXFileReference; lastKnownFileType = sourcecode.swift; path = WishGoalCard.swift; sourceTree = "<group>"; };
		22FA634326AF3FD500B0CF34 /* WishGraphCard.swift */ = {isa = PBXFileReference; lastKnownFileType = sourcecode.swift; path = WishGraphCard.swift; sourceTree = "<group>"; };
		66AE9E8626B172A200501CE9 /* en */ = {isa = PBXFileReference; lastKnownFileType = text.plist.strings; name = en; path = en.lproj/Localizable.strings; sourceTree = "<group>"; };
		66AE9E8826B172B300501CE9 /* pt-BR */ = {isa = PBXFileReference; lastKnownFileType = text.plist.strings; name = "pt-BR"; path = "pt-BR.lproj/Localizable.strings"; sourceTree = "<group>"; };
		66AE9E8B26B1EAC200501CE9 /* NewCategory.swift */ = {isa = PBXFileReference; lastKnownFileType = sourcecode.swift; path = NewCategory.swift; sourceTree = "<group>"; };
		66E8BD0026A760C5001D3178 /* ImageCard.swift */ = {isa = PBXFileReference; lastKnownFileType = sourcecode.swift; path = ImageCard.swift; sourceTree = "<group>"; };
		7D502BEF26B36AEE00B7DF77 /* NavigationBarAppearanceModifier.swift */ = {isa = PBXFileReference; lastKnownFileType = sourcecode.swift; path = NavigationBarAppearanceModifier.swift; sourceTree = "<group>"; };
		7D6F2EBC26A6434900EC8ADC /* WollenDataModel.xcdatamodel */ = {isa = PBXFileReference; lastKnownFileType = wrapper.xcdatamodel; path = WollenDataModel.xcdatamodel; sourceTree = "<group>"; };
		7D6F2EC026A646E900EC8ADC /* AddDesejoViewModel.swift */ = {isa = PBXFileReference; lastKnownFileType = sourcecode.swift; path = AddDesejoViewModel.swift; sourceTree = "<group>"; };
		7D6F2EC226A6528700EC8ADC /* ListaDesejosViewModel.swift */ = {isa = PBXFileReference; lastKnownFileType = sourcecode.swift; path = ListaDesejosViewModel.swift; sourceTree = "<group>"; };
		7D6F2EC426A6575800EC8ADC /* ListaDesejosView.swift */ = {isa = PBXFileReference; lastKnownFileType = sourcecode.swift; path = ListaDesejosView.swift; sourceTree = "<group>"; };
		7D6F2EC626A704DF00EC8ADC /* AddCategoriaViewModel.swift */ = {isa = PBXFileReference; lastKnownFileType = sourcecode.swift; path = AddCategoriaViewModel.swift; sourceTree = "<group>"; };
		7D6F2EC826A704F400EC8ADC /* ListaCategoriasViewModel.swift */ = {isa = PBXFileReference; lastKnownFileType = sourcecode.swift; path = ListaCategoriasViewModel.swift; sourceTree = "<group>"; };
		7D6F2ECB26A7077B00EC8ADC /* AddMetaViewModel.swift */ = {isa = PBXFileReference; lastKnownFileType = sourcecode.swift; path = AddMetaViewModel.swift; sourceTree = "<group>"; };
		7D6F2ECD26A707A300EC8ADC /* ListaMetasViewModel.swift */ = {isa = PBXFileReference; lastKnownFileType = sourcecode.swift; path = ListaMetasViewModel.swift; sourceTree = "<group>"; };
		7D70C17D26B8A881004DB944 /* MidiaView.swift */ = {isa = PBXFileReference; lastKnownFileType = sourcecode.swift; path = MidiaView.swift; sourceTree = "<group>"; };
		7D78910726B57C9600D83571 /* AddWishCards.swift */ = {isa = PBXFileReference; lastKnownFileType = sourcecode.swift; path = AddWishCards.swift; sourceTree = "<group>"; };
		7D78910926B5894600D83571 /* AddWishView.swift */ = {isa = PBXFileReference; lastKnownFileType = sourcecode.swift; path = AddWishView.swift; sourceTree = "<group>"; };
		7D78910F26B8A68400D83571 /* MidiaViewModel.swift */ = {isa = PBXFileReference; lastKnownFileType = sourcecode.swift; path = MidiaViewModel.swift; sourceTree = "<group>"; };
		7D78911126B8A69D00D83571 /* ListaMidiasViewModel.swift */ = {isa = PBXFileReference; lastKnownFileType = sourcecode.swift; path = ListaMidiasViewModel.swift; sourceTree = "<group>"; };
		7D78911326B8A6DE00D83571 /* AddMidiaViewModel.swift */ = {isa = PBXFileReference; lastKnownFileType = sourcecode.swift; path = AddMidiaViewModel.swift; sourceTree = "<group>"; };
		7D941A5626B48C110049336C /* HomeView.swift */ = {isa = PBXFileReference; lastKnownFileType = sourcecode.swift; path = HomeView.swift; sourceTree = "<group>"; };
		7D941A5826B495800049336C /* SideBar.swift */ = {isa = PBXFileReference; lastKnownFileType = sourcecode.swift; path = SideBar.swift; sourceTree = "<group>"; };
		7D941A5A26B497250049336C /* WishesFromCategory.swift */ = {isa = PBXFileReference; lastKnownFileType = sourcecode.swift; path = WishesFromCategory.swift; sourceTree = "<group>"; };
		7D941A5C26B49A190049336C /* HomeCategoryView.swift */ = {isa = PBXFileReference; lastKnownFileType = sourcecode.swift; path = HomeCategoryView.swift; sourceTree = "<group>"; };
		7D9C5A6226A743DC00FAF19C /* AddCategoriaView.swift */ = {isa = PBXFileReference; lastKnownFileType = sourcecode.swift; path = AddCategoriaView.swift; sourceTree = "<group>"; };
		7D9C5A6426A743F100FAF19C /* ListaCategoriasView.swift */ = {isa = PBXFileReference; lastKnownFileType = sourcecode.swift; path = ListaCategoriasView.swift; sourceTree = "<group>"; };
		7D9C5A6726A74C5400FAF19C /* ListaDesejosCategoriaView.swift */ = {isa = PBXFileReference; lastKnownFileType = sourcecode.swift; path = ListaDesejosCategoriaView.swift; sourceTree = "<group>"; };
		7D9C5A6926A74F5800FAF19C /* AddDesejoToCategoriaView.swift */ = {isa = PBXFileReference; lastKnownFileType = sourcecode.swift; path = AddDesejoToCategoriaView.swift; sourceTree = "<group>"; };
		7D9C5A6B26A798FF00FAF19C /* DesejoView.swift */ = {isa = PBXFileReference; lastKnownFileType = sourcecode.swift; path = DesejoView.swift; sourceTree = "<group>"; };
		7D9C5A6D26A8905700FAF19C /* AddMetaToDesejoView.swift */ = {isa = PBXFileReference; lastKnownFileType = sourcecode.swift; path = AddMetaToDesejoView.swift; sourceTree = "<group>"; };
		7D9C5A7326A9F68600FAF19C /* AddDesejoCompleto.swift */ = {isa = PBXFileReference; lastKnownFileType = sourcecode.swift; path = AddDesejoCompleto.swift; sourceTree = "<group>"; };
		7D9C5A7526AB36E700FAF19C /* MetaView.swift */ = {isa = PBXFileReference; lastKnownFileType = sourcecode.swift; path = MetaView.swift; sourceTree = "<group>"; };
		7D9C5A7726AB506900FAF19C /* UpdateDesejoViewModel.swift */ = {isa = PBXFileReference; lastKnownFileType = sourcecode.swift; path = UpdateDesejoViewModel.swift; sourceTree = "<group>"; };
		7D9C5A7C26AB548200FAF19C /* DesejoViewModel.swift */ = {isa = PBXFileReference; lastKnownFileType = sourcecode.swift; path = DesejoViewModel.swift; sourceTree = "<group>"; };
		7D9C5A7E26AB56D000FAF19C /* AtualizarDesejo.swift */ = {isa = PBXFileReference; lastKnownFileType = sourcecode.swift; path = AtualizarDesejo.swift; sourceTree = "<group>"; };
		7D9C5A8026AB5D7A00FAF19C /* CategoriaViewModel.swift */ = {isa = PBXFileReference; lastKnownFileType = sourcecode.swift; path = CategoriaViewModel.swift; sourceTree = "<group>"; };
		7D9C5A8226AB5D8500FAF19C /* MetaViewModel.swift */ = {isa = PBXFileReference; lastKnownFileType = sourcecode.swift; path = MetaViewModel.swift; sourceTree = "<group>"; };
		7DEE3FB426A0D063007B9615 /* CoreDataManager.swift */ = {isa = PBXFileReference; lastKnownFileType = sourcecode.swift; path = CoreDataManager.swift; sourceTree = "<group>"; };
		BE078A2426AF3350009087BF /* DropImageDelegate.swift */ = {isa = PBXFileReference; fileEncoding = 4; lastKnownFileType = sourcecode.swift; path = DropImageDelegate.swift; sourceTree = "<group>"; };
		BE078A2626AF3361009087BF /* ImagePicker.swift */ = {isa = PBXFileReference; fileEncoding = 4; lastKnownFileType = sourcecode.swift; path = ImagePicker.swift; sourceTree = "<group>"; };
		BE078A2826AF3426009087BF /* CoreDataManager.swift */ = {isa = PBXFileReference; lastKnownFileType = sourcecode.swift; path = CoreDataManager.swift; sourceTree = "<group>"; };
		BE167E66269CDD9C009E94C5 /* GoalCard.swift */ = {isa = PBXFileReference; lastKnownFileType = sourcecode.swift; path = GoalCard.swift; sourceTree = "<group>"; };
		BE17DB7E26A650740051966C /* GalleryCard.swift */ = {isa = PBXFileReference; lastKnownFileType = sourcecode.swift; path = GalleryCard.swift; sourceTree = "<group>"; };
		BE5FAE4E269E880A006E54A6 /* CardSaveMoney.swift */ = {isa = PBXFileReference; lastKnownFileType = sourcecode.swift; path = CardSaveMoney.swift; sourceTree = "<group>"; };
		BEF78B912698D85700181907 /* Wollen.app */ = {isa = PBXFileReference; explicitFileType = wrapper.application; includeInIndex = 0; path = Wollen.app; sourceTree = BUILT_PRODUCTS_DIR; };
		BEF78B942698D85700181907 /* WollenApp.swift */ = {isa = PBXFileReference; lastKnownFileType = sourcecode.swift; path = WollenApp.swift; sourceTree = "<group>"; };
		BEF78B962698D85700181907 /* ContentView.swift */ = {isa = PBXFileReference; lastKnownFileType = sourcecode.swift; path = ContentView.swift; sourceTree = "<group>"; };
		BEF78B982698D85900181907 /* Assets.xcassets */ = {isa = PBXFileReference; lastKnownFileType = folder.assetcatalog; path = Assets.xcassets; sourceTree = "<group>"; };
		BEF78B9B2698D85900181907 /* Preview Assets.xcassets */ = {isa = PBXFileReference; lastKnownFileType = folder.assetcatalog; path = "Preview Assets.xcassets"; sourceTree = "<group>"; };
		BEF78BA22698D85900181907 /* Info.plist */ = {isa = PBXFileReference; lastKnownFileType = text.plist.xml; path = Info.plist; sourceTree = "<group>"; };
/* End PBXFileReference section */

/* Begin PBXFrameworksBuildPhase section */
		BEF78B8E2698D85700181907 /* Frameworks */ = {
			isa = PBXFrameworksBuildPhase;
			buildActionMask = 2147483647;
			files = (
			);
			runOnlyForDeploymentPostprocessing = 0;
		};
/* End PBXFrameworksBuildPhase section */

/* Begin PBXGroup section */
		22039293269CC71E0054C168 /* App */ = {
			isa = PBXGroup;
			children = (
				66AE9E8726B172A200501CE9 /* Localizable.strings */,
			);
			path = App;
			sourceTree = "<group>";
		};
		22039294269CC7280054C168 /* View */ = {
			isa = PBXGroup;
			children = (
				7D78910D26B5DE4100D83571 /* Wish Details */,
				7D78910C26B5DD6400D83571 /* Add Wish */,
				7D78910B26B5DD5800D83571 /* Home */,
				7D502BEF26B36AEE00B7DF77 /* NavigationBarAppearanceModifier.swift */,
			);
			path = View;
			sourceTree = "<group>";
		};
		66AE9E8D26B1EC4D00501CE9 /* Imagem */ = {
			isa = PBXGroup;
			children = (
				BE078A2626AF3361009087BF /* ImagePicker.swift */,
				BE078A2426AF3350009087BF /* DropImageDelegate.swift */,
			);
			path = Imagem;
			sourceTree = "<group>";
		};
		7D6F2ECA26A7073100EC8ADC /* View Models */ = {
			isa = PBXGroup;
			children = (
				7D78910E26B8A66D00D83571 /* Midia */,
				66AE9E8D26B1EC4D00501CE9 /* Imagem */,
				7D9C5A7B26AB50AB00FAF19C /* Meta */,
				7D9C5A7A26AB509000FAF19C /* Categoria */,
				7D9C5A7926AB507B00FAF19C /* Desejo */,
			);
			path = "View Models";
			sourceTree = "<group>";
		};
		7D78910B26B5DD5800D83571 /* Home */ = {
			isa = PBXGroup;
			children = (
				7D941A5826B495800049336C /* SideBar.swift */,
				7D941A5A26B497250049336C /* WishesFromCategory.swift */,
				7D941A5C26B49A190049336C /* HomeCategoryView.swift */,
				7D941A5626B48C110049336C /* HomeView.swift */,
				222AE6CF269E0E6A005DB79A /* MyWishCard.swift */,
				222AE6D1269E178B005DB79A /* MyWishesCards.swift */,
				66AE9E8B26B1EAC200501CE9 /* NewCategory.swift */,
			);
			path = Home;
			sourceTree = "<group>";
		};
		7D78910C26B5DD6400D83571 /* Add Wish */ = {
			isa = PBXGroup;
			children = (
				7D78910926B5894600D83571 /* AddWishView.swift */,
				7D78910726B57C9600D83571 /* AddWishCards.swift */,
				22039295269CC9280054C168 /* InformationsCard.swift */,
				225F4CC726B078610058FBEF /* CategoriesCard.swift */,
				225F4CCA26B0790A0058FBEF /* CategoryCard.swift */,
				66E8BD0026A760C5001D3178 /* ImageCard.swift */,
				BE167E66269CDD9C009E94C5 /* GoalCard.swift */,
			);
			path = "Add Wish";
			sourceTree = "<group>";
		};
		7D78910D26B5DE4100D83571 /* Wish Details */ = {
			isa = PBXGroup;
			children = (
				22ACBE1626A0B43000E4AED7 /* WishGoalCard.swift */,
				225C081626A5FA1000079D66 /* DescriptionCard.swift */,
				225C081826A616C800079D66 /* LinksCard.swift */,
				BE5FAE4E269E880A006E54A6 /* CardSaveMoney.swift */,
				BE17DB7E26A650740051966C /* GalleryCard.swift */,
				22FA634326AF3FD500B0CF34 /* WishGraphCard.swift */,
			);
			path = "Wish Details";
			sourceTree = "<group>";
		};
		7D78910E26B8A66D00D83571 /* Midia */ = {
			isa = PBXGroup;
			children = (
				7D78910F26B8A68400D83571 /* MidiaViewModel.swift */,
				7D78911126B8A69D00D83571 /* ListaMidiasViewModel.swift */,
				7D78911326B8A6DE00D83571 /* AddMidiaViewModel.swift */,
			);
			path = Midia;
			sourceTree = "<group>";
		};
		7D9C5A6626A743FA00FAF19C /* Core Data Testing */ = {
			isa = PBXGroup;
			children = (
				7D6F2EC426A6575800EC8ADC /* ListaDesejosView.swift */,
				7D9C5A6726A74C5400FAF19C /* ListaDesejosCategoriaView.swift */,
				7D9C5A6226A743DC00FAF19C /* AddCategoriaView.swift */,
				7D9C5A6D26A8905700FAF19C /* AddMetaToDesejoView.swift */,
				7D9C5A6426A743F100FAF19C /* ListaCategoriasView.swift */,
				7D9C5A6926A74F5800FAF19C /* AddDesejoToCategoriaView.swift */,
				7D9C5A6B26A798FF00FAF19C /* DesejoView.swift */,
				7D9C5A7526AB36E700FAF19C /* MetaView.swift */,
				7D9C5A7326A9F68600FAF19C /* AddDesejoCompleto.swift */,
				7D9C5A7E26AB56D000FAF19C /* AtualizarDesejo.swift */,
				7D70C17D26B8A881004DB944 /* MidiaView.swift */,
			);
			path = "Core Data Testing";
			sourceTree = "<group>";
		};
		7D9C5A7926AB507B00FAF19C /* Desejo */ = {
			isa = PBXGroup;
			children = (
				7D6F2EC026A646E900EC8ADC /* AddDesejoViewModel.swift */,
				7D6F2EC226A6528700EC8ADC /* ListaDesejosViewModel.swift */,
				7D9C5A7726AB506900FAF19C /* UpdateDesejoViewModel.swift */,
				7D9C5A7C26AB548200FAF19C /* DesejoViewModel.swift */,
			);
			path = Desejo;
			sourceTree = "<group>";
		};
		7D9C5A7A26AB509000FAF19C /* Categoria */ = {
			isa = PBXGroup;
			children = (
				7D6F2EC626A704DF00EC8ADC /* AddCategoriaViewModel.swift */,
				7D6F2EC826A704F400EC8ADC /* ListaCategoriasViewModel.swift */,
				7D9C5A8026AB5D7A00FAF19C /* CategoriaViewModel.swift */,
			);
			path = Categoria;
			sourceTree = "<group>";
		};
		7D9C5A7B26AB50AB00FAF19C /* Meta */ = {
			isa = PBXGroup;
			children = (
				7D6F2ECB26A7077B00EC8ADC /* AddMetaViewModel.swift */,
				7D6F2ECD26A707A300EC8ADC /* ListaMetasViewModel.swift */,
				7D9C5A8226AB5D8500FAF19C /* MetaViewModel.swift */,
			);
			path = Meta;
			sourceTree = "<group>";
		};
		BE078A2326AF32C2009087BF /* Recovered References */ = {
			isa = PBXGroup;
			children = (
				7DEE3FB426A0D063007B9615 /* CoreDataManager.swift */,
			);
			name = "Recovered References";
			sourceTree = "<group>";
		};
		BEF78B882698D85700181907 = {
			isa = PBXGroup;
			children = (
				BEF78B932698D85700181907 /* Wollen */,
				BEF78B922698D85700181907 /* Products */,
				BE078A2326AF32C2009087BF /* Recovered References */,
			);
			sourceTree = "<group>";
		};
		BEF78B922698D85700181907 /* Products */ = {
			isa = PBXGroup;
			children = (
				BEF78B912698D85700181907 /* Wollen.app */,
			);
			name = Products;
			sourceTree = "<group>";
		};
		BEF78B932698D85700181907 /* Wollen */ = {
			isa = PBXGroup;
			children = (
				22039293269CC71E0054C168 /* App */,
				22039294269CC7280054C168 /* View */,
				BEF78B942698D85700181907 /* WollenApp.swift */,
				7D6F2EBB26A6434900EC8ADC /* WollenDataModel.xcdatamodeld */,
				7D6F2ECA26A7073100EC8ADC /* View Models */,
				7D9C5A6626A743FA00FAF19C /* Core Data Testing */,
				BEF78B962698D85700181907 /* ContentView.swift */,
				BEF78B982698D85900181907 /* Assets.xcassets */,
				BEF78BA22698D85900181907 /* Info.plist */,
				BEF78B9A2698D85900181907 /* Preview Content */,
				BE078A2826AF3426009087BF /* CoreDataManager.swift */,
			);
			path = Wollen;
			sourceTree = "<group>";
		};
		BEF78B9A2698D85900181907 /* Preview Content */ = {
			isa = PBXGroup;
			children = (
				BEF78B9B2698D85900181907 /* Preview Assets.xcassets */,
			);
			path = "Preview Content";
			sourceTree = "<group>";
		};
/* End PBXGroup section */

/* Begin PBXNativeTarget section */
		BEF78B902698D85700181907 /* Wollen */ = {
			isa = PBXNativeTarget;
			buildConfigurationList = BEF78BA52698D85900181907 /* Build configuration list for PBXNativeTarget "Wollen" */;
			buildPhases = (
				BEF78B8D2698D85700181907 /* Sources */,
				BEF78B8E2698D85700181907 /* Frameworks */,
				BEF78B8F2698D85700181907 /* Resources */,
			);
			buildRules = (
			);
			dependencies = (
			);
			name = Wollen;
			productName = Wollen;
			productReference = BEF78B912698D85700181907 /* Wollen.app */;
			productType = "com.apple.product-type.application";
		};
/* End PBXNativeTarget section */

/* Begin PBXProject section */
		BEF78B892698D85700181907 /* Project object */ = {
			isa = PBXProject;
			attributes = {
				LastSwiftUpdateCheck = 1250;
				LastUpgradeCheck = 1250;
				TargetAttributes = {
					BEF78B902698D85700181907 = {
						CreatedOnToolsVersion = 12.5.1;
					};
				};
			};
			buildConfigurationList = BEF78B8C2698D85700181907 /* Build configuration list for PBXProject "Wollen" */;
			compatibilityVersion = "Xcode 9.3";
			developmentRegion = en;
			hasScannedForEncodings = 0;
			knownRegions = (
				en,
				Base,
				"pt-BR",
			);
			mainGroup = BEF78B882698D85700181907;
			productRefGroup = BEF78B922698D85700181907 /* Products */;
			projectDirPath = "";
			projectRoot = "";
			targets = (
				BEF78B902698D85700181907 /* Wollen */,
			);
		};
/* End PBXProject section */

/* Begin PBXResourcesBuildPhase section */
		BEF78B8F2698D85700181907 /* Resources */ = {
			isa = PBXResourcesBuildPhase;
			buildActionMask = 2147483647;
			files = (
				BEF78B9C2698D85900181907 /* Preview Assets.xcassets in Resources */,
				66AE9E8526B172A200501CE9 /* Localizable.strings in Resources */,
				BEF78B992698D85900181907 /* Assets.xcassets in Resources */,
			);
			runOnlyForDeploymentPostprocessing = 0;
		};
/* End PBXResourcesBuildPhase section */

/* Begin PBXSourcesBuildPhase section */
		BEF78B8D2698D85700181907 /* Sources */ = {
			isa = PBXSourcesBuildPhase;
			buildActionMask = 2147483647;
			files = (
				BE17DB7F26A650740051966C /* GalleryCard.swift in Sources */,
				7D70C17E26B8A881004DB944 /* MidiaView.swift in Sources */,
				222AE6D2269E178B005DB79A /* MyWishesCards.swift in Sources */,
				225C081926A616C800079D66 /* LinksCard.swift in Sources */,
				225C081726A5FA1000079D66 /* DescriptionCard.swift in Sources */,
				7D502BF026B36AEE00B7DF77 /* NavigationBarAppearanceModifier.swift in Sources */,
				7D9C5A6C26A798FF00FAF19C /* DesejoView.swift in Sources */,
				225F4CC826B078610058FBEF /* CategoriesCard.swift in Sources */,
				225F4CCB26B0790A0058FBEF /* CategoryCard.swift in Sources */,
				7D9C5A8326AB5D8500FAF19C /* MetaViewModel.swift in Sources */,
				7D6F2EC326A6528700EC8ADC /* ListaDesejosViewModel.swift in Sources */,
				7D9C5A6526A743F100FAF19C /* ListaCategoriasView.swift in Sources */,
				BE078A2726AF3361009087BF /* ImagePicker.swift in Sources */,
				7D78910A26B5894600D83571 /* AddWishView.swift in Sources */,
				7D941A5726B48C110049336C /* HomeView.swift in Sources */,
				7D9C5A7626AB36E700FAF19C /* MetaView.swift in Sources */,
				7D9C5A8126AB5D7A00FAF19C /* CategoriaViewModel.swift in Sources */,
				7D78911226B8A69D00D83571 /* ListaMidiasViewModel.swift in Sources */,
				7D941A5D26B49A190049336C /* HomeCategoryView.swift in Sources */,
				22039296269CC9280054C168 /* InformationsCard.swift in Sources */,
				7D941A5926B495800049336C /* SideBar.swift in Sources */,
				7D78910826B57C9600D83571 /* AddWishCards.swift in Sources */,
				66E8BD0126A760C5001D3178 /* ImageCard.swift in Sources */,
				7D9C5A6E26A8905700FAF19C /* AddMetaToDesejoView.swift in Sources */,
				7D9C5A6326A743DC00FAF19C /* AddCategoriaView.swift in Sources */,
				7D9C5A6826A74C5500FAF19C /* ListaDesejosCategoriaView.swift in Sources */,
				7D78911426B8A6DE00D83571 /* AddMidiaViewModel.swift in Sources */,
				7D6F2EBD26A6434900EC8ADC /* WollenDataModel.xcdatamodeld in Sources */,
				222AE6D0269E0E6A005DB79A /* MyWishCard.swift in Sources */,
				7D6F2EC526A6575800EC8ADC /* ListaDesejosView.swift in Sources */,
				7D78911026B8A68400D83571 /* MidiaViewModel.swift in Sources */,
				66AE9E8C26B1EAC200501CE9 /* NewCategory.swift in Sources */,
				7D6F2EC926A704F400EC8ADC /* ListaCategoriasViewModel.swift in Sources */,
				22ACBE1726A0B43000E4AED7 /* WishGoalCard.swift in Sources */,
				22FA634426AF3FD500B0CF34 /* WishGraphCard.swift in Sources */,
				7D6F2EC726A704DF00EC8ADC /* AddCategoriaViewModel.swift in Sources */,
				BEF78B972698D85700181907 /* ContentView.swift in Sources */,
				7D9C5A7426A9F68600FAF19C /* AddDesejoCompleto.swift in Sources */,
				7D9C5A7D26AB548200FAF19C /* DesejoViewModel.swift in Sources */,
				7D9C5A7F26AB56D000FAF19C /* AtualizarDesejo.swift in Sources */,
				BE078A2926AF3426009087BF /* CoreDataManager.swift in Sources */,
				7D6F2ECE26A707A300EC8ADC /* ListaMetasViewModel.swift in Sources */,
				7D9C5A6A26A74F5800FAF19C /* AddDesejoToCategoriaView.swift in Sources */,
				7D941A5B26B497250049336C /* WishesFromCategory.swift in Sources */,
				7D6F2EC126A646E900EC8ADC /* AddDesejoViewModel.swift in Sources */,
				BE078A2526AF3350009087BF /* DropImageDelegate.swift in Sources */,
				BE5FAE4F269E880A006E54A6 /* CardSaveMoney.swift in Sources */,
				7D6F2ECC26A7077B00EC8ADC /* AddMetaViewModel.swift in Sources */,
				BE167E67269CDD9C009E94C5 /* GoalCard.swift in Sources */,
				7D9C5A7826AB506900FAF19C /* UpdateDesejoViewModel.swift in Sources */,
				BEF78B952698D85700181907 /* WollenApp.swift in Sources */,
			);
			runOnlyForDeploymentPostprocessing = 0;
		};
/* End PBXSourcesBuildPhase section */

/* Begin PBXVariantGroup section */
		66AE9E8726B172A200501CE9 /* Localizable.strings */ = {
			isa = PBXVariantGroup;
			children = (
				66AE9E8626B172A200501CE9 /* en */,
				66AE9E8826B172B300501CE9 /* pt-BR */,
			);
			name = Localizable.strings;
			path = Wollen;
			sourceTree = SOURCE_ROOT;
		};
/* End PBXVariantGroup section */

/* Begin XCBuildConfiguration section */
		BEF78BA32698D85900181907 /* Debug */ = {
			isa = XCBuildConfiguration;
			buildSettings = {
				ALWAYS_SEARCH_USER_PATHS = NO;
				CLANG_ANALYZER_NONNULL = YES;
				CLANG_ANALYZER_NUMBER_OBJECT_CONVERSION = YES_AGGRESSIVE;
				CLANG_CXX_LANGUAGE_STANDARD = "gnu++14";
				CLANG_CXX_LIBRARY = "libc++";
				CLANG_ENABLE_MODULES = YES;
				CLANG_ENABLE_OBJC_ARC = YES;
				CLANG_ENABLE_OBJC_WEAK = YES;
				CLANG_WARN_BLOCK_CAPTURE_AUTORELEASING = YES;
				CLANG_WARN_BOOL_CONVERSION = YES;
				CLANG_WARN_COMMA = YES;
				CLANG_WARN_CONSTANT_CONVERSION = YES;
				CLANG_WARN_DEPRECATED_OBJC_IMPLEMENTATIONS = YES;
				CLANG_WARN_DIRECT_OBJC_ISA_USAGE = YES_ERROR;
				CLANG_WARN_DOCUMENTATION_COMMENTS = YES;
				CLANG_WARN_EMPTY_BODY = YES;
				CLANG_WARN_ENUM_CONVERSION = YES;
				CLANG_WARN_INFINITE_RECURSION = YES;
				CLANG_WARN_INT_CONVERSION = YES;
				CLANG_WARN_NON_LITERAL_NULL_CONVERSION = YES;
				CLANG_WARN_OBJC_IMPLICIT_RETAIN_SELF = YES;
				CLANG_WARN_OBJC_LITERAL_CONVERSION = YES;
				CLANG_WARN_OBJC_ROOT_CLASS = YES_ERROR;
				CLANG_WARN_QUOTED_INCLUDE_IN_FRAMEWORK_HEADER = YES;
				CLANG_WARN_RANGE_LOOP_ANALYSIS = YES;
				CLANG_WARN_STRICT_PROTOTYPES = YES;
				CLANG_WARN_SUSPICIOUS_MOVE = YES;
				CLANG_WARN_UNGUARDED_AVAILABILITY = YES_AGGRESSIVE;
				CLANG_WARN_UNREACHABLE_CODE = YES;
				CLANG_WARN__DUPLICATE_METHOD_MATCH = YES;
				COPY_PHASE_STRIP = NO;
				DEBUG_INFORMATION_FORMAT = dwarf;
				ENABLE_STRICT_OBJC_MSGSEND = YES;
				ENABLE_TESTABILITY = YES;
				GCC_C_LANGUAGE_STANDARD = gnu11;
				GCC_DYNAMIC_NO_PIC = NO;
				GCC_NO_COMMON_BLOCKS = YES;
				GCC_OPTIMIZATION_LEVEL = 0;
				GCC_PREPROCESSOR_DEFINITIONS = (
					"DEBUG=1",
					"$(inherited)",
				);
				GCC_WARN_64_TO_32_BIT_CONVERSION = YES;
				GCC_WARN_ABOUT_RETURN_TYPE = YES_ERROR;
				GCC_WARN_UNDECLARED_SELECTOR = YES;
				GCC_WARN_UNINITIALIZED_AUTOS = YES_AGGRESSIVE;
				GCC_WARN_UNUSED_FUNCTION = YES;
				GCC_WARN_UNUSED_VARIABLE = YES;
				IPHONEOS_DEPLOYMENT_TARGET = 14.5;
				MTL_ENABLE_DEBUG_INFO = INCLUDE_SOURCE;
				MTL_FAST_MATH = YES;
				ONLY_ACTIVE_ARCH = YES;
				SDKROOT = iphoneos;
				SWIFT_ACTIVE_COMPILATION_CONDITIONS = DEBUG;
				SWIFT_OPTIMIZATION_LEVEL = "-Onone";
			};
			name = Debug;
		};
		BEF78BA42698D85900181907 /* Release */ = {
			isa = XCBuildConfiguration;
			buildSettings = {
				ALWAYS_SEARCH_USER_PATHS = NO;
				CLANG_ANALYZER_NONNULL = YES;
				CLANG_ANALYZER_NUMBER_OBJECT_CONVERSION = YES_AGGRESSIVE;
				CLANG_CXX_LANGUAGE_STANDARD = "gnu++14";
				CLANG_CXX_LIBRARY = "libc++";
				CLANG_ENABLE_MODULES = YES;
				CLANG_ENABLE_OBJC_ARC = YES;
				CLANG_ENABLE_OBJC_WEAK = YES;
				CLANG_WARN_BLOCK_CAPTURE_AUTORELEASING = YES;
				CLANG_WARN_BOOL_CONVERSION = YES;
				CLANG_WARN_COMMA = YES;
				CLANG_WARN_CONSTANT_CONVERSION = YES;
				CLANG_WARN_DEPRECATED_OBJC_IMPLEMENTATIONS = YES;
				CLANG_WARN_DIRECT_OBJC_ISA_USAGE = YES_ERROR;
				CLANG_WARN_DOCUMENTATION_COMMENTS = YES;
				CLANG_WARN_EMPTY_BODY = YES;
				CLANG_WARN_ENUM_CONVERSION = YES;
				CLANG_WARN_INFINITE_RECURSION = YES;
				CLANG_WARN_INT_CONVERSION = YES;
				CLANG_WARN_NON_LITERAL_NULL_CONVERSION = YES;
				CLANG_WARN_OBJC_IMPLICIT_RETAIN_SELF = YES;
				CLANG_WARN_OBJC_LITERAL_CONVERSION = YES;
				CLANG_WARN_OBJC_ROOT_CLASS = YES_ERROR;
				CLANG_WARN_QUOTED_INCLUDE_IN_FRAMEWORK_HEADER = YES;
				CLANG_WARN_RANGE_LOOP_ANALYSIS = YES;
				CLANG_WARN_STRICT_PROTOTYPES = YES;
				CLANG_WARN_SUSPICIOUS_MOVE = YES;
				CLANG_WARN_UNGUARDED_AVAILABILITY = YES_AGGRESSIVE;
				CLANG_WARN_UNREACHABLE_CODE = YES;
				CLANG_WARN__DUPLICATE_METHOD_MATCH = YES;
				COPY_PHASE_STRIP = NO;
				DEBUG_INFORMATION_FORMAT = "dwarf-with-dsym";
				ENABLE_NS_ASSERTIONS = NO;
				ENABLE_STRICT_OBJC_MSGSEND = YES;
				GCC_C_LANGUAGE_STANDARD = gnu11;
				GCC_NO_COMMON_BLOCKS = YES;
				GCC_WARN_64_TO_32_BIT_CONVERSION = YES;
				GCC_WARN_ABOUT_RETURN_TYPE = YES_ERROR;
				GCC_WARN_UNDECLARED_SELECTOR = YES;
				GCC_WARN_UNINITIALIZED_AUTOS = YES_AGGRESSIVE;
				GCC_WARN_UNUSED_FUNCTION = YES;
				GCC_WARN_UNUSED_VARIABLE = YES;
				IPHONEOS_DEPLOYMENT_TARGET = 14.5;
				MTL_ENABLE_DEBUG_INFO = NO;
				MTL_FAST_MATH = YES;
				SDKROOT = iphoneos;
				SWIFT_COMPILATION_MODE = wholemodule;
				SWIFT_OPTIMIZATION_LEVEL = "-O";
				VALIDATE_PRODUCT = YES;
			};
			name = Release;
		};
		BEF78BA62698D85900181907 /* Debug */ = {
			isa = XCBuildConfiguration;
			buildSettings = {
				ASSETCATALOG_COMPILER_APPICON_NAME = AppIcon;
				ASSETCATALOG_COMPILER_GLOBAL_ACCENT_COLOR_NAME = AccentColor;
				CODE_SIGN_STYLE = Automatic;
				DEVELOPMENT_ASSET_PATHS = "\"Wollen/Preview Content\"";
				DEVELOPMENT_TEAM = QH8HG84VQM;
				ENABLE_PREVIEWS = YES;
				INFOPLIST_FILE = Wollen/Info.plist;
				IPHONEOS_DEPLOYMENT_TARGET = 14.0;
				LD_RUNPATH_SEARCH_PATHS = (
					"$(inherited)",
					"@executable_path/Frameworks",
				);
				PRODUCT_BUNDLE_IDENTIFIER = academy.cin.ufpe.br.Wollen;
				PRODUCT_NAME = "$(TARGET_NAME)";
				SWIFT_VERSION = 5.0;
				TARGETED_DEVICE_FAMILY = "1,2";
			};
			name = Debug;
		};
		BEF78BA72698D85900181907 /* Release */ = {
			isa = XCBuildConfiguration;
			buildSettings = {
				ASSETCATALOG_COMPILER_APPICON_NAME = AppIcon;
				ASSETCATALOG_COMPILER_GLOBAL_ACCENT_COLOR_NAME = AccentColor;
				CODE_SIGN_STYLE = Automatic;
				DEVELOPMENT_ASSET_PATHS = "\"Wollen/Preview Content\"";
				DEVELOPMENT_TEAM = QH8HG84VQM;
				ENABLE_PREVIEWS = YES;
				INFOPLIST_FILE = Wollen/Info.plist;
				IPHONEOS_DEPLOYMENT_TARGET = 14.0;
				LD_RUNPATH_SEARCH_PATHS = (
					"$(inherited)",
					"@executable_path/Frameworks",
				);
				PRODUCT_BUNDLE_IDENTIFIER = academy.cin.ufpe.br.Wollen;
				PRODUCT_NAME = "$(TARGET_NAME)";
				SWIFT_VERSION = 5.0;
				TARGETED_DEVICE_FAMILY = "1,2";
			};
			name = Release;
		};
/* End XCBuildConfiguration section */

/* Begin XCConfigurationList section */
		BEF78B8C2698D85700181907 /* Build configuration list for PBXProject "Wollen" */ = {
			isa = XCConfigurationList;
			buildConfigurations = (
				BEF78BA32698D85900181907 /* Debug */,
				BEF78BA42698D85900181907 /* Release */,
			);
			defaultConfigurationIsVisible = 0;
			defaultConfigurationName = Release;
		};
		BEF78BA52698D85900181907 /* Build configuration list for PBXNativeTarget "Wollen" */ = {
			isa = XCConfigurationList;
			buildConfigurations = (
				BEF78BA62698D85900181907 /* Debug */,
				BEF78BA72698D85900181907 /* Release */,
			);
			defaultConfigurationIsVisible = 0;
			defaultConfigurationName = Release;
		};
/* End XCConfigurationList section */

/* Begin XCVersionGroup section */
		7D6F2EBB26A6434900EC8ADC /* WollenDataModel.xcdatamodeld */ = {
			isa = XCVersionGroup;
			children = (
				7D6F2EBC26A6434900EC8ADC /* WollenDataModel.xcdatamodel */,
			);
			currentVersion = 7D6F2EBC26A6434900EC8ADC /* WollenDataModel.xcdatamodel */;
			path = WollenDataModel.xcdatamodeld;
			sourceTree = "<group>";
			versionGroupType = wrapper.xcdatamodel;
		};
/* End XCVersionGroup section */
	};
	rootObject = BEF78B892698D85700181907 /* Project object */;
}
